Microsoft Visual Studio Solution File, Format Version 12.00
# Visual Studio Version 17
VisualStudioVersion = 17.5.2.0
MinimumVisualStudioVersion = 10.0.40219.1
Project("{FAE04EC0-301F-11D3-BF4B-00C04F79EFBC}") = "LP1SpeedType", "LP1SpeedType.csproj", "{D2B0953C-D490-D3F9-91A7-51E309CFEC24}"
EndProject
Global
	GlobalSection(SolutionConfigurationPlatforms) = preSolution
		Debug|Any CPU = Debug|Any CPU
		Release|Any CPU = Release|Any CPU
	EndGlobalSection
	GlobalSection(ProjectConfigurationPlatforms) = postSolution
		{D2B0953C-D490-D3F9-91A7-51E309CFEC24}.Debug|Any CPU.ActiveCfg = Debug|Any CPU
		{D2B0953C-D490-D3F9-91A7-51E309CFEC24}.Debug|Any CPU.Build.0 = Debug|Any CPU
		{D2B0953C-D490-D3F9-91A7-51E309CFEC24}.Release|Any CPU.ActiveCfg = Release|Any CPU
		{D2B0953C-D490-D3F9-91A7-51E309CFEC24}.Release|Any CPU.Build.0 = Release|Any CPU
	EndGlobalSection
	GlobalSection(SolutionProperties) = preSolution
		HideSolutionNode = FALSE
	EndGlobalSection
	GlobalSection(ExtensibilityGlobals) = postSolution
		SolutionGuid = {EE303CBC-8F56-4CA5-8A09-44FE19E7CB38}
	EndGlobalSection
EndGlobal
